
Microsoft Visual Studio Solution File, Format Version 12.00
# Visual Studio Version 16
VisualStudioVersion = 16.0.31702.278
MinimumVisualStudioVersion = 10.0.40219.1
Project("{FAE04EC0-301F-11D3-BF4B-00C04F79EFBC}") = "WpfApp3", "WpfApp3\WpfApp3.csproj", "{EBD7711E-74CA-4121-8B2A-7A74AFAFE3B1}"
EndProject
Global
	GlobalSection(SolutionConfigurationPlatforms) = preSolution
		Debug|Any CPU = Debug|Any CPU
		Release|Any CPU = Release|Any CPU
	EndGlobalSection
	GlobalSection(ProjectConfigurationPlatforms) = postSolution
		{EBD7711E-74CA-4121-8B2A-7A74AFAFE3B1}.Debug|Any CPU.ActiveCfg = Debug|Any CPU
		{EBD7711E-74CA-4121-8B2A-7A74AFAFE3B1}.Debug|Any CPU.Build.0 = Debug|Any CPU
		{EBD7711E-74CA-4121-8B2A-7A74AFAFE3B1}.Release|Any CPU.ActiveCfg = Release|Any CPU
		{EBD7711E-74CA-4121-8B2A-7A74AFAFE3B1}.Release|Any CPU.Build.0 = Release|Any CPU
	EndGlobalSection
	GlobalSection(SolutionProperties) = preSolution
		HideSolutionNode = FALSE
	EndGlobalSection
	GlobalSection(ExtensibilityGlobals) = postSolution
		SolutionGuid = {DB15FDE4-CFD1-40E8-9638-827301DCAD93}
	EndGlobalSection
EndGlobal
